{
  "name": "example",
  "version": "1.0.0",
  "lockfileVersion": 2,
  "requires": true,
  "packages": {
    "": {
      "name": "example",
      "version": "1.0.0",
      "license": "ISC",
      "dependencies": {
        "di": "file:.."
      }
    },
    "..": {
      "name": "@mstream/di",
      "version": "1.0.0",
      "license": "ISC",
      "devDependencies": {
        "@commitlint/cli": "^17",
        "@commitlint/config-conventional": "^17",
        "conventional-github-releaser": "^3",
        "eslint": "^8",
        "standard-version": "^9",
        "vitest": "~0.27"
      }
    },
    "node_modules/di": {
      "resolved": "..",
      "link": true
    }
  },
  "dependencies": {
    "di": {
      "version": "file:..",
      "requires": {
        "@commitlint/cli": "^17",
        "@commitlint/config-conventional": "^17",
        "conventional-github-releaser": "^3",
        "eslint": "^8",
        "standard-version": "^9",
        "vitest": "~0.27"
      }
    }
  }
}
